
Microsoft Visual Studio Solution File, Format Version 12.00
# Visual Studio Version 16
VisualStudioVersion = 16.0.30523.141
MinimumVisualStudioVersion = 10.0.40219.1
Project("{FAE04EC0-301F-11D3-BF4B-00C04F79EFBC}") = "Framework2", "Framework2\Framework2.csproj", "{BBD25CCC-918B-47C8-B567-770340D14687}"
EndProject
Global
	GlobalSection(SolutionConfigurationPlatforms) = preSolution
		Debug|Any CPU = Debug|Any CPU
		Release|Any CPU = Release|Any CPU
	EndGlobalSection
	GlobalSection(ProjectConfigurationPlatforms) = postSolution
		{BBD25CCC-918B-47C8-B567-770340D14687}.Debug|Any CPU.ActiveCfg = Debug|Any CPU
		{BBD25CCC-918B-47C8-B567-770340D14687}.Debug|Any CPU.Build.0 = Debug|Any CPU
		{BBD25CCC-918B-47C8-B567-770340D14687}.Release|Any CPU.ActiveCfg = Release|Any CPU
		{BBD25CCC-918B-47C8-B567-770340D14687}.Release|Any CPU.Build.0 = Release|Any CPU
	EndGlobalSection
	GlobalSection(SolutionProperties) = preSolution
		HideSolutionNode = FALSE
	EndGlobalSection
	GlobalSection(ExtensibilityGlobals) = postSolution
		SolutionGuid = {30BFAB3A-A0D2-4B9E-938B-55590BEBEF41}
	EndGlobalSection
EndGlobal
